# This file is autogenerated, do not edit; changes may be undone by the next 'dep ensure'.


[[projects]]
  branch = "master"
  digest = "1:b6b3bd1c08338cb397623d1b9dedde711eccc2d3408fe9017a495d815065d869"
  name = "github.com/google/licenseclassifier"
  packages = [
    ".",
    "internal/sets",
    "stringclassifier",
    "stringclassifier/internal/pq",
    "stringclassifier/searchset",
    "stringclassifier/searchset/tokenizer",
  ]
  pruneopts = "NUT"
  revision = "c2a262e3078ad90718f59866f1ec18601b2fee1b"

[[projects]]
  digest = "1:d917313f309bda80d27274d53985bc65651f81a5b66b820749ac7f8ef061fd04"
  name = "github.com/sergi/go-diff"
  packages = ["diffmatchpatch"]
  pruneopts = "NUT"
  revision = "1744e2970ca51c86172c8190fadad617561ed6e7"
  version = "v1.0.0"

[[projects]]
  digest = "1:9d8420bbf131d1618bde6530af37c3799340d3762cc47210c1d9532a4c3a2779"
  name = "github.com/spf13/pflag"
  packages = ["."]
  pruneopts = "NUT"
  revision = "298182f68c66c05229eb03ac171abe6e309ee79a"
  version = "v1.0.3"

[[projects]]
  branch = "master"
  digest = "1:a05bd2d296bc727082abcb63ff52615b4dcc6219d8b61e99fd83d605dc779a18"
  name = "golang.org/x/tools"
  packages = [
    "go/ast/astutil",
    "imports",
    "internal/fastwalk",
  ]
  pruneopts = "NUT"
  revision = "7ca132754999accbaa5c1735eda29e7ce0f3bf03"

[[projects]]
  digest = "1:a6aa236db5d07dff9ea1160ef316b17e131d2b1b2ad7d177431206bf389d241e"
  name = "k8s.io/code-generator"
  packages = [
    "cmd/client-gen",
    "cmd/client-gen/args",
    "cmd/client-gen/generators",
    "cmd/client-gen/generators/fake",
    "cmd/client-gen/generators/scheme",
    "cmd/client-gen/generators/util",
    "cmd/client-gen/path",
    "cmd/client-gen/types",
    "cmd/deepcopy-gen",
    "cmd/deepcopy-gen/args",
    "cmd/defaulter-gen",
    "cmd/defaulter-gen/args",
    "cmd/informer-gen",
    "cmd/informer-gen/args",
    "cmd/informer-gen/generators",
    "cmd/lister-gen",
    "cmd/lister-gen/args",
    "cmd/lister-gen/generators",
    "pkg/namer",
    "pkg/util",
  ]
  pruneopts = "T"
  revision = "8e001e5d18949be7e823ccb9cfe9b60026e7bda0"
  version = "kubernetes-1.16.4"

[[projects]]
  digest = "1:39912eb5f8eaf46486faae0839586c27c93423e552f76875defa048f52c15c15"
  name = "k8s.io/gengo"
  packages = [
    "args",
    "examples/deepcopy-gen/generators",
    "examples/defaulter-gen/generators",
    "examples/set-gen/sets",
    "generator",
    "namer",
    "parser",
    "types",
  ]
  pruneopts = "NUT"
  revision = "e17681d19d3ac4837a019ece36c2a0ec31ffe985"

[[projects]]
  digest = "1:c263611800c3a97991dbcf9d3bc4de390f6224aaa8ca0a7226a9d734f65a416a"
  name = "k8s.io/klog"
  packages = ["."]
  pruneopts = "NUT"
  revision = "71442cd4037d612096940ceb0f3fec3f7fff66e0"
  version = "v0.2.0"

[[projects]]
  branch = "master"
  digest = "1:73d6a1f3f7a178275499102ae27b5177a91aaccc57e3a0328e628cb3ced708f8"
  name = "knative.dev/pkg"
  packages = [
    "codegen/cmd/injection-gen",
    "codegen/cmd/injection-gen/args",
    "codegen/cmd/injection-gen/generators",
  ]
  pruneopts = "T"
  revision = "be54585f8f04fe39ce6b6d28d78809818b724734"

[[projects]]
  branch = "master"
  digest = "1:115d2f6e72ee06327259bdba21d26f28c359c62464afd73538fbab66ae2b7698"
  name = "knative.dev/test-infra"
  packages = [
    "scripts",
    "tools/dep-collector",
  ]
  pruneopts = "UT"
  revision = "01c075fbeae4b089793fcca6fc855d31e1628cad"

[solve-meta]
  analyzer-name = "dep"
  analyzer-version = 1
  input-imports = [
    "k8s.io/code-generator/cmd/client-gen",
    "k8s.io/code-generator/cmd/deepcopy-gen",
    "k8s.io/code-generator/cmd/defaulter-gen",
    "k8s.io/code-generator/cmd/informer-gen",
    "k8s.io/code-generator/cmd/lister-gen",
    "knative.dev/pkg/codegen/cmd/injection-gen",
    "knative.dev/test-infra/scripts",
    "knative.dev/test-infra/tools/dep-collector",
  ]
  solver-name = "gps-cdcl"
  solver-version = 1
